
Microsoft Visual Studio Solution File, Format Version 12.00
# Visual Studio 15
VisualStudioVersion = 15.0.27703.2026
MinimumVisualStudioVersion = 10.0.40219.1
Project("{FAE04EC0-301F-11D3-BF4B-00C04F79EFBC}") = "AutoCellule", "AutoCellule\AutoCellule.csproj", "{1A288E08-F5ED-4C4A-A55C-300869BF3545}"
EndProject
Global
	GlobalSection(SolutionConfigurationPlatforms) = preSolution
		Debug|Any CPU = Debug|Any CPU
		Release|Any CPU = Release|Any CPU
	EndGlobalSection
	GlobalSection(ProjectConfigurationPlatforms) = postSolution
		{1A288E08-F5ED-4C4A-A55C-300869BF3545}.Debug|Any CPU.ActiveCfg = Debug|Any CPU
		{1A288E08-F5ED-4C4A-A55C-300869BF3545}.Debug|Any CPU.Build.0 = Debug|Any CPU
		{1A288E08-F5ED-4C4A-A55C-300869BF3545}.Release|Any CPU.ActiveCfg = Release|Any CPU
		{1A288E08-F5ED-4C4A-A55C-300869BF3545}.Release|Any CPU.Build.0 = Release|Any CPU
	EndGlobalSection
	GlobalSection(SolutionProperties) = preSolution
		HideSolutionNode = FALSE
	EndGlobalSection
	GlobalSection(ExtensibilityGlobals) = postSolution
		SolutionGuid = {8FB60B3A-380D-4721-9C2F-D964F409B3C1}
	EndGlobalSection
EndGlobal
